
Microsoft Visual Studio Solution File, Format Version 12.00
# Visual Studio Version 17
VisualStudioVersion = 17.0.32126.317
MinimumVisualStudioVersion = 10.0.40219.1
Project("{9A19103F-16F7-4668-BE54-9A1E7A4F7556}") = "ConsoleArt", "ConsoleArt.csproj", "{99F47B02-F6D4-41A8-9F70-6BAED5DBFDA5}"
EndProject
Project("{9A19103F-16F7-4668-BE54-9A1E7A4F7556}") = "Library", "..\Library\Library.csproj", "{934626BA-2A00-4C49-8853-A8EC370CE167}"
EndProject
Project("{FAE04EC0-301F-11D3-BF4B-00C04F79EFBC}") = "WinFormsCalc", "..\WinFormsCalc\WinFormsCalc.csproj", "{145D527B-1FFB-412A-A0D5-176CD9AC3960}"
EndProject
Project("{FAE04EC0-301F-11D3-BF4B-00C04F79EFBC}") = "DemoWinForms", "..\DemoWinForms\DemoWinForms.csproj", "{2201FD43-754D-422B-92D8-9BA3353A8234}"
EndProject
Project("{FAE04EC0-301F-11D3-BF4B-00C04F79EFBC}") = "RegexStudy", "..\RegexStudy\RegexStudy.csproj", "{A2F46D16-05BE-4CCB-8BF2-A956B0940D14}"
EndProject
Global
	GlobalSection(SolutionConfigurationPlatforms) = preSolution
		Debug|Any CPU = Debug|Any CPU
		Release|Any CPU = Release|Any CPU
	EndGlobalSection
	GlobalSection(ProjectConfigurationPlatforms) = postSolution
		{99F47B02-F6D4-41A8-9F70-6BAED5DBFDA5}.Debug|Any CPU.ActiveCfg = Debug|Any CPU
		{99F47B02-F6D4-41A8-9F70-6BAED5DBFDA5}.Debug|Any CPU.Build.0 = Debug|Any CPU
		{99F47B02-F6D4-41A8-9F70-6BAED5DBFDA5}.Release|Any CPU.ActiveCfg = Release|Any CPU
		{99F47B02-F6D4-41A8-9F70-6BAED5DBFDA5}.Release|Any CPU.Build.0 = Release|Any CPU
		{934626BA-2A00-4C49-8853-A8EC370CE167}.Debug|Any CPU.ActiveCfg = Debug|Any CPU
		{934626BA-2A00-4C49-8853-A8EC370CE167}.Debug|Any CPU.Build.0 = Debug|Any CPU
		{934626BA-2A00-4C49-8853-A8EC370CE167}.Release|Any CPU.ActiveCfg = Release|Any CPU
		{934626BA-2A00-4C49-8853-A8EC370CE167}.Release|Any CPU.Build.0 = Release|Any CPU
		{145D527B-1FFB-412A-A0D5-176CD9AC3960}.Debug|Any CPU.ActiveCfg = Debug|Any CPU
		{145D527B-1FFB-412A-A0D5-176CD9AC3960}.Debug|Any CPU.Build.0 = Debug|Any CPU
		{145D527B-1FFB-412A-A0D5-176CD9AC3960}.Release|Any CPU.ActiveCfg = Release|Any CPU
		{145D527B-1FFB-412A-A0D5-176CD9AC3960}.Release|Any CPU.Build.0 = Release|Any CPU
		{2201FD43-754D-422B-92D8-9BA3353A8234}.Debug|Any CPU.ActiveCfg = Debug|Any CPU
		{2201FD43-754D-422B-92D8-9BA3353A8234}.Debug|Any CPU.Build.0 = Debug|Any CPU
		{2201FD43-754D-422B-92D8-9BA3353A8234}.Release|Any CPU.ActiveCfg = Release|Any CPU
		{2201FD43-754D-422B-92D8-9BA3353A8234}.Release|Any CPU.Build.0 = Release|Any CPU
		{A2F46D16-05BE-4CCB-8BF2-A956B0940D14}.Debug|Any CPU.ActiveCfg = Debug|Any CPU
		{A2F46D16-05BE-4CCB-8BF2-A956B0940D14}.Debug|Any CPU.Build.0 = Debug|Any CPU
		{A2F46D16-05BE-4CCB-8BF2-A956B0940D14}.Release|Any CPU.ActiveCfg = Release|Any CPU
		{A2F46D16-05BE-4CCB-8BF2-A956B0940D14}.Release|Any CPU.Build.0 = Release|Any CPU
	EndGlobalSection
	GlobalSection(SolutionProperties) = preSolution
		HideSolutionNode = FALSE
	EndGlobalSection
	GlobalSection(ExtensibilityGlobals) = postSolution
		SolutionGuid = {A27D0DF3-702A-4726-A3EE-2C2B2DA38431}
	EndGlobalSection
EndGlobal
